
Microsoft Visual Studio Solution File, Format Version 12.00
# Visual Studio Version 17
VisualStudioVersion = 17.11.35312.102
MinimumVisualStudioVersion = 10.0.40219.1
Project("{FAE04EC0-301F-11D3-BF4B-00C04F79EFBC}") = "DriversMatching", "DriversMatching.csproj", "{98221F4B-3B9E-4641-BDBD-723144B66ADE}"
EndProject
Project("{2150E333-8FDC-42A3-9474-1A3956D46DE8}") = "Элементы решения", "Элементы решения", "{6D7B568F-8197-4772-BAEA-A9490FF51C94}"
	ProjectSection(SolutionItems) = preProject
		.gitignore = .gitignore
	EndProjectSection
EndProject
Global
	GlobalSection(SolutionConfigurationPlatforms) = preSolution
		Debug|Any CPU = Debug|Any CPU
		Release|Any CPU = Release|Any CPU
	EndGlobalSection
	GlobalSection(ProjectConfigurationPlatforms) = postSolution
		{98221F4B-3B9E-4641-BDBD-723144B66ADE}.Debug|Any CPU.ActiveCfg = Debug|Any CPU
		{98221F4B-3B9E-4641-BDBD-723144B66ADE}.Debug|Any CPU.Build.0 = Debug|Any CPU
		{98221F4B-3B9E-4641-BDBD-723144B66ADE}.Release|Any CPU.ActiveCfg = Release|Any CPU
		{98221F4B-3B9E-4641-BDBD-723144B66ADE}.Release|Any CPU.Build.0 = Release|Any CPU
	EndGlobalSection
	GlobalSection(SolutionProperties) = preSolution
		HideSolutionNode = FALSE
	EndGlobalSection
	GlobalSection(ExtensibilityGlobals) = postSolution
		SolutionGuid = {9EF1864D-972A-41B3-AC23-0E14F0412EBF}
	EndGlobalSection
EndGlobal
